{
  "nodes": {
    "agent-limits-src": {
      "flake": false,
      "locked": {
        "lastModified": 1791490434,
        "narHash": "sha256-pNHe4iDsSzesGAa2Orijn76SzTQDFsqiUX5c0QC82Ws=",
        "owner": "dryvist",
        "repo": "nix-darwin",
        "rev": "9117f88c57c85d24a0fe8a9fe110df56d2effcf5",
        "type": "github"
      },
      "original": {
        "owner": "dryvist",
        "ref": "develop",
        "repo": "nix-darwin",
        "type": "github"
      }
    },
    "ai-assistant-instructions": {
      "flake": false,
      "locked": {
        "lastModified": 1791488698,
        "narHash": "sha256-AcVomH11FgL7zqlDxFKz5VUdKuH5a5ifRkU87VnlDD8=",
        "owner": "dryvist",
        "repo": "ai-assistant-instructions",
        "rev": "03d1911adf686387d784a5a9a5324437da4fae34",
        "type": "github"
      },
      "original": {
        "owner": "dryvist",
        "repo": "ai-assistant-instructions",
        "type": "github"
      }
    },
    "ai-assistant-instructions_2": {
      "flake": false,
      "locked": {
        "lastModified": 1791221885,
        "narHash": "sha256-nwh0sRpLgz3z56MZo2/c5p8CwruvYKSxTYdRnOk0iO4=",
        "owner": "dryvist",
        "repo": "ai-assistant-instructions",
        "rev": "e557b211a049c940bb540f2ca0be1259df57c5eb",
        "type": "github"
      },
      "original": {
        "owner": "dryvist",
        "repo": "ai-assistant-instructions",
        "type": "github"
      }
    },
    "ai-llm-prompts": {
      "inputs": {
        "ai-assistant-instructions": "ai-assistant-instructions_2",
        "claude-code-plugins": "claude-code-plugins",
        "nixpkgs": [
          "nix-ai",
          "nixpkgs"
        ]
      },
      "locked": {
        "lastModified": 1791422486,
        "narHash": "sha256-Apdsq2Zt00ix34Tu7iXTaVt62EMy/63Fw9i/pcOr9SE=",
        "owner": "dryvist",
        "repo": "ai-llm-prompts",
        "rev": "ec7c3e173cc2a95f68a477b42ff18f9128c5f700",
        "type": "github"
      },
      "original": {
        "owner": "dryvist",
        "repo": "ai-llm-prompts",
        "type": "github"
      }
    },
    "anthropic-agent-skills": {
      "flake": false,
      "locked": {
        "lastModified": 1791208002,
        "narHash": "sha256-APw+xMKqRvkLnuQxttiyyIeylrIMSxZovQnw3xEl1C4=",
        "owner": "anthropics",
        "repo": "skills",
        "rev": "683bc88e56f3e09ba94f7055977f3d3aa499f202",
        "type": "github"
      },
      "original": {
        "owner": "anthropics",
        "repo": "skills",
        "type": "github"
      }
    },
    "autoresearch": {
      "flake": false,
      "locked": {
        "lastModified": 1786573603,
        "narHash": "sha256-Hwxlit87HPoHLLDiX/Tz4L5ONvmDf5B71KhTePNLyhU=",
        "owner": "uditgoenka",
        "repo": "autoresearch",
        "rev": "050e30dc4ba0974b03f2873111b9901ec3211390",
        "type": "github"
      },
      "original": {
        "owner": "uditgoenka",
        "repo": "autoresearch",
        "type": "github"
      }
    },
    "awesome-claude-skills": {
      "flake": false,
      "locked": {
        "lastModified": 1784879281,
        "narHash": "sha256-tJBtcbfWw9jvlx8kbh4tv5kpzXT2iuA26S16DZU6tdU=",
        "owner": "ComposioHQ",
        "repo": "awesome-claude-skills",
        "rev": "be2a406907dbc61b73e6827ded415c96139d13a2",
        "type": "github"
      },
      "original": {
        "owner": "ComposioHQ",
        "repo": "awesome-claude-skills",
        "type": "github"
      }
    },
    "axton-obsidian-visual-skills": {
      "flake": false,
      "locked": {
        "lastModified": 1770862721,
        "narHash": "sha256-28hLlKPifZ0GT3vc3eYuIN0C2DQm6vtZhJIKEomRp0M=",
        "owner": "axtonliu",
        "repo": "axton-obsidian-visual-skills",
        "rev": "1265976d9746a84858b4b7b42fb86a215aa93de9",
        "type": "github"
      },
      "original": {
        "owner": "axtonliu",
        "repo": "axton-obsidian-visual-skills",
        "type": "github"
      }
    },
    "bills-claude-skills": {
      "flake": false,
      "locked": {
        "lastModified": 1784507965,
        "narHash": "sha256-MgV4CixZ+JW+Li3MscdUoCZdXe6Elxfj1Goz41z24Yk=",
        "owner": "BillChirico",
        "repo": "bills-claude-skills",
        "rev": "2c3b4ad0a5e62eb49fcb08fdcf12d5af446d9c8a",
        "type": "github"
      },
      "original": {
        "owner": "BillChirico",
        "repo": "bills-claude-skills",
        "type": "github"
      }
    },
    "bitwarden-marketplace": {
      "flake": false,
      "locked": {
        "lastModified": 1791465255,
        "narHash": "sha256-L6SMZutR6lExU5TnL31+WCyBUHvg/sG08KJMhpxmN+8=",
        "owner": "bitwarden",
        "repo": "ai-plugins",
        "rev": "b20d84ff31968885736c76f5f4b01d2d0ce75672",
        "type": "github"
      },
      "original": {
        "owner": "bitwarden",
        "repo": "ai-plugins",
        "type": "github"
      }
    },
    "browser-use-skills": {
      "flake": false,
      "locked": {
        "lastModified": 1790985965,
        "narHash": "sha256-tEaAtU+ujWv6amcMtRhUgSSeKZRjr/jDvui3rkA++qE=",
        "owner": "browser-use",
        "repo": "browser-use",
        "rev": "7be96ed8bafa8dfe1eef228b59cf5c884b8b2431",
        "type": "github"
      },
      "original": {
        "owner": "browser-use",
        "repo": "browser-use",
        "type": "github"
      }
    },
    "bun2nix": {
      "inputs": {
        "flake-parts": [
          "nix-ai",
          "llm-agents",
          "flake-parts"
        ],
        "nixpkgs": [
          "nix-ai",
          "llm-agents",
          "nixpkgs"
        ],
        "systems": [
          "nix-ai",
          "llm-agents",
          "systems"
        ],
        "treefmt-nix": [
          "nix-ai",
          "llm-agents",
          "treefmt-nix"
        ]
      },
      "locked": {
        "lastModified": 1790001035,
        "narHash": "sha256-1/SLBjSYBzDdDhvLQ83wrzBakyS/xNGgtxHGNuveOEQ=",
        "owner": "Mic92",
        "repo": "bun2nix",
        "rev": "07a5bfc8ac36c5370199343fa620b69f63186e33",
        "type": "github"
      },
      "original": {
        "owner": "Mic92",
        "ref": "llm-agents",
        "repo": "bun2nix",
        "type": "github"
      }
    },
    "cc-dev-tools": {
      "flake": false,
      "locked": {
        "lastModified": 1786388286,
        "narHash": "sha256-e3RLQeSPS8eW7ICzFBmrCh/748XQfzK4tykMxKMtH8I=",
        "owner": "Lucklyric",
        "repo": "cc-dev-tools",
        "rev": "66ecbe805d073ee85e6da53161fc92b7160c7cb2",
        "type": "github"
      },
      "original": {
        "owner": "Lucklyric",
        "repo": "cc-dev-tools",
        "type": "github"
      }
    },
    "cc-marketplace": {
      "flake": false,
      "locked": {
        "lastModified": 1768758615,
        "narHash": "sha256-BnH8+reZQRy4st+5zwA1EEDLIc2nVIp8CVBizUIkjXo=",
        "owner": "ananddtyagi",
        "repo": "cc-marketplace",
        "rev": "b643305146890bda9b2e694d2c42206ae4d0a4df",
        "type": "github"
      },
      "original": {
        "owner": "ananddtyagi",
        "repo": "cc-marketplace",
        "type": "github"
      }
    },
    "claude-code-plugins": {
      "flake": false,
      "locked": {
        "lastModified": 1791221880,
        "narHash": "sha256-J6kgOFCD7B85T70PjjyiJSvWJHQB224DLthOO0tWxr8=",
        "owner": "dryvist",
        "repo": "claude-code-plugins",
        "rev": "105ac194aa302b1255aa4750cc1a1080fe6160e7",
        "type": "github"
      },
      "original": {
        "owner": "dryvist",
        "repo": "claude-code-plugins",
        "type": "github"
      }
    },
    "claude-code-plugins-plus": {
      "flake": false,
      "locked": {
        "lastModified": 1791456227,
        "narHash": "sha256-dcYUgDxb1HV5p59i6HflV75/n+h1WuIzyBHVjCjRQT0=",
        "owner": "jeremylongshore",
        "repo": "claude-code-plugins-plus",
        "rev": "80f86dfbdb02e5d74c625f411ba6834c66ca0705",
        "type": "github"
      },
      "original": {
        "owner": "jeremylongshore",
        "repo": "claude-code-plugins-plus",
        "type": "github"
      }
    },
    "claude-code-plugins_2": {
      "flake": false,
      "locked": {
        "lastModified": 1790972378,
        "narHash": "sha256-cqQ8Ces0sUCWw2Pz9aV67ed9vI+IAyv4JppveKdd35k=",
        "owner": "anthropics",
        "repo": "claude-code",
        "rev": "1c229fcd1e1e4e452e29a8f116b45fe4cfe2c528",
        "type": "github"
      },
      "original": {
        "owner": "anthropics",
        "repo": "claude-code",
        "type": "github"
      }
    },
    "claude-code-workflows": {
      "flake": false,
      "locked": {
        "lastModified": 1791146571,
        "narHash": "sha256-vKawxqxGv0QygVztpMai7h4SXtK2JmmLEqCZ8hFr+qE=",
        "owner": "wshobson",
        "repo": "agents",
        "rev": "46891e7e60da0e52baf1050b7b6391b64e84c6d9",
        "type": "github"
      },
      "original": {
        "owner": "wshobson",
        "repo": "agents",
        "type": "github"
      }
    },
    "claude-cookbooks": {
      "flake": false,
      "locked": {
        "lastModified": 1790614595,
        "narHash": "sha256-AN9FwfLuosq1AqQZnkfGidIambhG0ffjh5QWhjtBh10=",
        "owner": "anthropics",
        "repo": "claude-cookbooks",
        "rev": "d7265d6ae994ccd8429db0594b000073b2f9ad43",
        "type": "github"
      },
      "original": {
        "owner": "anthropics",
        "repo": "claude-cookbooks",
        "type": "github"
      }
    },
    "claude-plugins-official": {
      "flake": false,
      "locked": {
        "lastModified": 1791479201,
        "narHash": "sha256-uVtG87hx2ksdrsq2cI7o5F6cycMTXNnmluHTUmcjVO8=",
        "owner": "anthropics",
        "repo": "claude-plugins-official",
        "rev": "315c4e48967d9541c29c3c656441dded353ca7aa",
        "type": "github"
      },
      "original": {
        "owner": "anthropics",
        "repo": "claude-plugins-official",
        "type": "github"
      }
    },
    "claude-skills": {
      "flake": false,
      "locked": {
        "lastModified": 1790424925,
        "narHash": "sha256-U0XLQQ/5NPAIiHZ4lD69FpWymZVys5c6dyBOn8UmAtU=",
        "owner": "secondsky",
        "repo": "claude-skills",
        "rev": "88378361314f558fb719aec0af9fd898ab36f0b2",
        "type": "github"
      },
      "original": {
        "owner": "secondsky",
        "repo": "claude-skills",
        "type": "github"
      }
    },
    "claude-swap": {
      "flake": false,
      "locked": {
        "lastModified": 1786474943,
        "narHash": "sha256-BDfwyH7h7Ii7QYaunHDnf0Epk5nUEd8OdOH3QCf1CJU=",
        "owner": "realiti4",
        "repo": "claude-swap",
        "rev": "9f625064763d3fb04cbe31e90a7f3f9ef123df99",
        "type": "github"
      },
      "original": {
        "owner": "realiti4",
        "ref": "v0.25.0",
        "repo": "claude-swap",
        "type": "github"
      }
    },
    "context-engineering-kit": {
      "flake": false,
      "locked": {
        "lastModified": 1787778481,
        "narHash": "sha256-HiF7c6a6EPsIbGka/ZFqggx9OfJm90N1w3Fh7IRv81s=",
        "owner": "NeoLabHQ",
        "repo": "context-engineering-kit",
        "rev": "23e2428e809d77717f8acc9659c374a3a1fcb93e",
        "type": "github"
      },
      "original": {
        "owner": "NeoLabHQ",
        "repo": "context-engineering-kit",
        "type": "github"
      }
    },
    "dashmotion": {
      "flake": false,
      "locked": {
        "lastModified": 1781614569,
        "narHash": "sha256-rHiKaUm5sKSch5XR78lxAP4cxKLIh+Xdh6lodsRXDs4=",
        "owner": "csthink",
        "repo": "dashmotion",
        "rev": "ae2fe4f28c60caa53da8b15fa3537f4ea576f4ad",
        "type": "github"
      },
      "original": {
        "owner": "csthink",
        "repo": "dashmotion",
        "type": "github"
      }
    },
    "dryvist-github": {
      "inputs": {
        "git-hooks": "git-hooks",
        "nixpkgs": [
          "nixpkgs"
        ],
        "treefmt-nix": "treefmt-nix"
      },
      "locked": {
        "lastModified": 1791492664,
        "narHash": "sha256-1NLqTL0/Oy6fRGpy3ERYhU50terbVudRMEIMEIE70p0=",
        "owner": "dryvist",
        "repo": ".github",
        "rev": "ef92d9e3b89eacb365c95bb8a34f22224afed4b7",
        "type": "github"
      },
      "original": {
        "owner": "dryvist",
        "repo": ".github",
        "type": "github"
      }
    },
    "dryvist-github_2": {
      "inputs": {
        "git-hooks": "git-hooks_2",
        "nixpkgs": [
          "nix-ai",
          "nix-claude-code",
          "nixpkgs"
        ],
        "treefmt-nix": "treefmt-nix_3"
      },
      "locked": {
        "lastModified": 1791486285,
        "narHash": "sha256-XiduQLX9UTyvjvNhHsc93bJ9pe8ngzl1LzhMe8v6iws=",
        "owner": "dryvist",
        "repo": ".github",
        "rev": "20484fe44ee50ec318712677ee0d95a1f2491e39",
        "type": "github"
      },
      "original": {
        "owner": "dryvist",
        "repo": ".github",
        "type": "github"
      }
    },
    "fabric-src": {
      "flake": false,
      "locked": {
        "lastModified": 1785806412,
        "narHash": "sha256-X/M8LgHyFEV+FobRta5sY268OWBmYsQ2LAi2eEgCys4=",
        "owner": "danielmiessler",
        "repo": "fabric",
        "rev": "338b89cfe97ab2d12ce30ce8b5449857a841366d",
        "type": "github"
      },
      "original": {
        "owner": "danielmiessler",
        "ref": "v1.4.470",
        "repo": "fabric",
        "type": "github"
      }
    },
    "flake-compat": {
      "flake": false,
      "locked": {
        "lastModified": 1767039857,
        "narHash": "sha256-vNpUSpF5Nuw8xvDLj2KCwwksIbjua2LZCqhV1LNRDns=",
        "owner": "NixOS",
        "repo": "flake-compat",
        "rev": "5edf11c44bc78a0d334f6334cdaf7d60d732daab",
        "type": "github"
      },
      "original": {
        "owner": "NixOS",
        "repo": "flake-compat",
        "type": "github"
      }
    },
    "flake-compat_2": {
      "flake": false,
      "locked": {
        "lastModified": 1767039857,
        "narHash": "sha256-vNpUSpF5Nuw8xvDLj2KCwwksIbjua2LZCqhV1LNRDns=",
        "owner": "NixOS",
        "repo": "flake-compat",
        "rev": "5edf11c44bc78a0d334f6334cdaf7d60d732daab",
        "type": "github"
      },
      "original": {
        "owner": "NixOS",
        "repo": "flake-compat",
        "type": "github"
      }
    },
    "flake-parts": {
      "inputs": {
        "nixpkgs-lib": [
          "nixpkgs"
        ]
      },
      "locked": {
        "lastModified": 1790898470,
        "narHash": "sha256-zTwuwezD0w3hpga6a6P8emidzAZFyWqlNeRBlpWOOl8=",
        "owner": "hercules-ci",
        "repo": "flake-parts",
        "rev": "024633cd702b10285db5cb19b40ad48d2399ba60",
        "type": "github"
      },
      "original": {
        "owner": "hercules-ci",
        "repo": "flake-parts",
        "type": "github"
      }
    },
    "flake-parts_2": {
      "inputs": {
        "nixpkgs-lib": [
          "nix-ai",
          "llm-agents",
          "nixpkgs"
        ]
      },
      "locked": {
        "lastModified": 1790898470,
        "narHash": "sha256-zTwuwezD0w3hpga6a6P8emidzAZFyWqlNeRBlpWOOl8=",
        "owner": "hercules-ci",
        "repo": "flake-parts",
        "rev": "024633cd702b10285db5cb19b40ad48d2399ba60",
        "type": "github"
      },
      "original": {
        "owner": "hercules-ci",
        "repo": "flake-parts",
        "type": "github"
      }
    },
    "flake-parts_3": {
      "inputs": {
        "nixpkgs-lib": [
          "nix-ai",
          "nix-claude-code",
          "nixpkgs"
        ]
      },
      "locked": {
        "lastModified": 1790898470,
        "narHash": "sha256-zTwuwezD0w3hpga6a6P8emidzAZFyWqlNeRBlpWOOl8=",
        "owner": "hercules-ci",
        "repo": "flake-parts",
        "rev": "024633cd702b10285db5cb19b40ad48d2399ba60",
        "type": "github"
      },
      "original": {
        "owner": "hercules-ci",
        "repo": "flake-parts",
        "type": "github"
      }
    },
    "gemini-cli": {
      "flake": false,
      "locked": {
        "lastModified": 1787953100,
        "narHash": "sha256-oO+Y1LVXFcan9FFvAibBBN9+rGu04ZHqmsP7R3HaLu0=",
        "owner": "google-gemini",
        "repo": "gemini-cli",
        "rev": "0bd1d439751478771c45d3d0895a6a9760554bf4",
        "type": "github"
      },
      "original": {
        "owner": "google-gemini",
        "repo": "gemini-cli",
        "type": "github"
      }
    },
    "gh-stack": {
      "flake": false,
      "locked": {
        "lastModified": 1790972623,
        "narHash": "sha256-70H1kOdvklTeB8OVFg7g6xQ4rn0gqv+zU7yjDYPd3vo=",
        "owner": "github",
        "repo": "gh-stack",
        "rev": "d4ab7ab47e5b3e3708a27c8c42abcdf4bc321419",
        "type": "github"
      },
      "original": {
        "owner": "github",
        "repo": "gh-stack",
        "type": "github"
      }
    },
    "git-hooks": {
      "inputs": {
        "flake-compat": "flake-compat",
        "gitignore": "gitignore",
        "nixpkgs": [
          "dryvist-github",
          "nixpkgs"
        ]
      },
      "locked": {
        "lastModified": 1778507602,
        "narHash": "sha256-kTwur1wV+01SdqskVMSo6JMEpg71ps3HpbFY2GsflKs=",
        "owner": "cachix",
        "repo": "git-hooks.nix",
        "rev": "61ab0e80d9c7ab14c256b5b453d8b3fb0189ba0a",
        "type": "github"
      },
      "original": {
        "owner": "cachix",
        "repo": "git-hooks.nix",
        "type": "github"
      }
    },
    "git-hooks_2": {
      "inputs": {
        "flake-compat": "flake-compat_2",
        "gitignore": "gitignore_2",
        "nixpkgs": [
          "nix-ai",
          "nix-claude-code",
          "dryvist-github",
          "nixpkgs"
        ]
      },
      "locked": {
        "lastModified": 1778507602,
        "narHash": "sha256-kTwur1wV+01SdqskVMSo6JMEpg71ps3HpbFY2GsflKs=",
        "owner": "cachix",
        "repo": "git-hooks.nix",
        "rev": "61ab0e80d9c7ab14c256b5b453d8b3fb0189ba0a",
        "type": "github"
      },
      "original": {
        "owner": "cachix",
        "repo": "git-hooks.nix",
        "type": "github"
      }
    },
    "gitignore": {
      "inputs": {
        "nixpkgs": [
          "dryvist-github",
          "git-hooks",
          "nixpkgs"
        ]
      },
      "locked": {
        "lastModified": 1709087332,
        "narHash": "sha256-HG2cCnktfHsKV0s4XW83gU3F57gaTljL9KNSuG6bnQs=",
        "owner": "hercules-ci",
        "repo": "gitignore.nix",
        "rev": "637db329424fd7e46cf4185293b9cc8c88c95394",
        "type": "github"
      },
      "original": {
        "owner": "hercules-ci",
        "repo": "gitignore.nix",
        "type": "github"
      }
    },
    "gitignore_2": {
      "inputs": {
        "nixpkgs": [
          "nix-ai",
          "nix-claude-code",
          "dryvist-github",
          "git-hooks",
          "nixpkgs"
        ]
      },
      "locked": {
        "lastModified": 1709087332,
        "narHash": "sha256-HG2cCnktfHsKV0s4XW83gU3F57gaTljL9KNSuG6bnQs=",
        "owner": "hercules-ci",
        "repo": "gitignore.nix",
        "rev": "637db329424fd7e46cf4185293b9cc8c88c95394",
        "type": "github"
      },
      "original": {
        "owner": "hercules-ci",
        "repo": "gitignore.nix",
        "type": "github"
      }
    },
    "herdr-hail-src": {
      "flake": false,
      "locked": {
        "lastModified": 1784424997,
        "narHash": "sha256-OSHT5D3RhZku0ktBCYyu/XZvlw/6WsYnI5UTdx4pJF8=",
        "owner": "natori-hrj",
        "repo": "herdr-hail",
        "rev": "9f7120be96cfcc511548eb446ee4ca8b52519b31",
        "type": "github"
      },
      "original": {
        "owner": "natori-hrj",
        "repo": "herdr-hail",
        "rev": "9f7120be96cfcc511548eb446ee4ca8b52519b31",
        "type": "github"
      }
    },
    "herdr-remote-src": {
      "flake": false,
      "locked": {
        "lastModified": 1788249624,
        "narHash": "sha256-mTHcGe806gLnDdBo/K4QJlIDA8IkFWk2LYbQeuaELig=",
        "owner": "dcolinmorgan",
        "repo": "herdr-remote",
        "rev": "1f5bd32b5121af92c21c9a3b123b10d508f29365",
        "type": "github"
      },
      "original": {
        "owner": "dcolinmorgan",
        "repo": "herdr-remote",
        "rev": "1f5bd32b5121af92c21c9a3b123b10d508f29365",
        "type": "github"
      }
    },
    "home-manager": {
      "inputs": {
        "nixpkgs": [
          "nix-ai",
          "nixpkgs"
        ]
      },
      "locked": {
        "lastModified": 1790996401,
        "narHash": "sha256-f+kOxEmOUnQazVAmGg0i8hzwgd1kX/geY+k/Dpheye8=",
        "owner": "nix-community",
        "repo": "home-manager",
        "rev": "db7d5e2332710f5abb088f6b5de927d7f9511b35",
        "type": "github"
      },
      "original": {
        "owner": "nix-community",
        "ref": "release-26.05",
        "repo": "home-manager",
        "type": "github"
      }
    },
    "homelab-contracts": {
      "flake": false,
      "locked": {
        "lastModified": 1791480440,
        "narHash": "sha256-3RVNndXZOIiDu8X8dRJaCVMsRqu/+1kqputqMaKd8ms=",
        "owner": "dryvist",
        "repo": "homelab-contracts",
        "rev": "1145f02ead57e8c10ee4816aff2a89b879edf63b",
        "type": "github"
      },
      "original": {
        "owner": "dryvist",
        "repo": "homelab-contracts",
        "type": "github"
      }
    },
    "huggingface-skills": {
      "flake": false,
      "locked": {
        "lastModified": 1791473405,
        "narHash": "sha256-E9KIiVyTOo0F2xJj/ksmkX8ikr+qQo7wmGnqsSAyzj4=",
        "owner": "huggingface",
        "repo": "skills",
        "rev": "c3ff942be3e07116b475253f0a8fc4f54682c1a8",
        "type": "github"
      },
      "original": {
        "owner": "huggingface",
        "repo": "skills",
        "type": "github"
      }
    },
    "jacobpevans-cc-plugins": {
      "flake": false,
      "locked": {
        "lastModified": 1791488832,
        "narHash": "sha256-HhGLNMX7ByWg8AvnpYXbMTchri1rDmkkaKRjMOef9w0=",
        "owner": "dryvist",
        "repo": "claude-code-plugins",
        "rev": "58d3da9213686bf289aaf66a758af30ebb5dc13e",
        "type": "github"
      },
      "original": {
        "owner": "dryvist",
        "repo": "claude-code-plugins",
        "type": "github"
      }
    },
    "karpathy-skills": {
      "flake": false,
      "locked": {
        "lastModified": 1776679504,
        "narHash": "sha256-4z/wRdYH7UXRzF8RJU0sw8xbpx0BW/7CBv5sVEC2knY=",
        "owner": "forrestchang",
        "repo": "andrej-karpathy-skills",
        "rev": "2c606141936f1eeef17fa3043a72095b4765b9c2",
        "type": "github"
      },
      "original": {
        "owner": "forrestchang",
        "repo": "andrej-karpathy-skills",
        "type": "github"
      }
    },
    "karpathy-skills_2": {
      "flake": false,
      "locked": {
        "lastModified": 1776679504,
        "narHash": "sha256-4z/wRdYH7UXRzF8RJU0sw8xbpx0BW/7CBv5sVEC2knY=",
        "owner": "forrestchang",
        "repo": "andrej-karpathy-skills",
        "rev": "2c606141936f1eeef17fa3043a72095b4765b9c2",
        "type": "github"
      },
      "original": {
        "owner": "forrestchang",
        "repo": "andrej-karpathy-skills",
        "type": "github"
      }
    },
    "langfuse-skills": {
      "flake": false,
      "locked": {
        "lastModified": 1790853126,
        "narHash": "sha256-htfMbAjDMqDPhT9WIL4/lVsLcQiZniuWKsSPkaAoKKY=",
        "owner": "langfuse",
        "repo": "skills",
        "rev": "b86532b77f16f1e27c7cffa32bb632aa3cd9a352",
        "type": "github"
      },
      "original": {
        "owner": "langfuse",
        "repo": "skills",
        "type": "github"
      }
    },
    "last30days-skill": {
      "flake": false,
      "locked": {
        "lastModified": 1790817570,
        "narHash": "sha256-1h/X1gGdO+Gtg5Xw59oSGH5gszM5y0IZU6A1KeYgy88=",
        "owner": "mvanhorn",
        "repo": "last30days-skill",
        "rev": "5103ba478b380552207a3754b74c7655d64208cd",
        "type": "github"
      },
      "original": {
        "owner": "mvanhorn",
        "repo": "last30days-skill",
        "type": "github"
      }
    },
    "llm-agents": {
      "inputs": {
        "bun2nix": "bun2nix",
        "flake-parts": "flake-parts_2",
        "nixpkgs": "nixpkgs",
        "systems": "systems",
        "treefmt-nix": "treefmt-nix_2"
      },
      "locked": {
        "lastModified": 1791001326,
        "narHash": "sha256-pwJhtpRcNX1pJ9luUy3Eh1EYUFsZjv5m2xSqZ1hEhMU=",
        "owner": "numtide",
        "repo": "llm-agents.nix",
        "rev": "83984ebbbe5322b261d9fdc24eb15cf44f23abec",
        "type": "github"
      },
      "original": {
        "owner": "numtide",
        "repo": "llm-agents.nix",
        "type": "github"
      }
    },
    "lunar-claude": {
      "flake": false,
      "locked": {
        "lastModified": 1783631797,
        "narHash": "sha256-i2X9q+VcDGQHa+xQB7iimcrzIX4E3GPhj6SYxX9fhys=",
        "owner": "basher83",
        "repo": "lunar-claude",
        "rev": "e81cabf81e7c58eb90b2dc656c8bc15d4a23227b",
        "type": "github"
      },
      "original": {
        "owner": "basher83",
        "repo": "lunar-claude",
        "type": "github"
      }
    },
    "managing-dependencies": {
      "flake": false,
      "locked": {
        "lastModified": 1772961008,
        "narHash": "sha256-xOR87Z4RSGYTccrekRgV5RPPIiaXnOyTdVMQ9Kw1TQ4=",
        "owner": "andrew",
        "repo": "managing-dependencies",
        "rev": "e6c13bd7246f13bab6510790ca6378e8660bf50f",
        "type": "github"
      },
      "original": {
        "owner": "andrew",
        "repo": "managing-dependencies",
        "type": "github"
      }
    },
    "mattpocock-skills": {
      "flake": false,
      "locked": {
        "lastModified": 1790685460,
        "narHash": "sha256-zQ/wVrcHjIC+UjP4nDw3HARMqZd6LIDFmHKlp8AADYI=",
        "owner": "mattpocock",
        "repo": "skills",
        "rev": "d81f3a183412e71a5b1e84ca21bc1a35eea03a60",
        "type": "github"
      },
      "original": {
        "owner": "mattpocock",
        "repo": "skills",
        "type": "github"
      }
    },
    "nix-agent-sandbox-src": {
      "flake": false,
      "locked": {
        "lastModified": 1791490481,
        "narHash": "sha256-UWSeTHHeqKJhuve6vcCjGT3BMjp+MOmfGc0dGqrSdCU=",
        "owner": "dryvist",
        "repo": "nix-agent-sandbox",
        "rev": "3dd45cca178e589f4f9449d5d443729e36dab80e",
        "type": "github"
      },
      "original": {
        "owner": "dryvist",
        "ref": "main",
        "repo": "nix-agent-sandbox",
        "type": "github"
      }
    },
    "nix-agy": {
      "inputs": {
        "gemini-cli": "gemini-cli",
        "nixpkgs": [
          "nix-ai",
          "nixpkgs"
        ]
      },
      "locked": {
        "lastModified": 1791479214,
        "narHash": "sha256-YGPaXIwobNuxMrawu794nDnMcNW5PibYhNkWHIefkW0=",
        "owner": "dryvist",
        "repo": "nix-agy",
        "rev": "4fb5e3ce660a1849870a81473dffd4a4a4ef3c43",
        "type": "github"
      },
      "original": {
        "owner": "dryvist",
        "ref": "develop",
        "repo": "nix-agy",
        "type": "github"
      }
    },
    "nix-ai": {
      "inputs": {
        "agent-limits-src": "agent-limits-src",
        "ai-assistant-instructions": "ai-assistant-instructions",
        "ai-llm-prompts": "ai-llm-prompts",
        "autoresearch": "autoresearch",
        "awesome-claude-skills": "awesome-claude-skills",
        "browser-use-skills": "browser-use-skills",
        "claude-code-plugins": "claude-code-plugins_2",
        "context-engineering-kit": "context-engineering-kit",
        "dashmotion": "dashmotion",
        "fabric-src": "fabric-src",
        "gh-stack": "gh-stack",
        "herdr-hail-src": "herdr-hail-src",
        "herdr-remote-src": "herdr-remote-src",
        "home-manager": "home-manager",
        "homelab-contracts": "homelab-contracts",
        "jacobpevans-cc-plugins": "jacobpevans-cc-plugins",
        "karpathy-skills": "karpathy-skills",
        "langfuse-skills": "langfuse-skills",
        "last30days-skill": "last30days-skill",
        "llm-agents": "llm-agents",
        "managing-dependencies": "managing-dependencies",
        "mattpocock-skills": "mattpocock-skills",
        "nix-agent-sandbox-src": "nix-agent-sandbox-src",
        "nix-agy": "nix-agy",
        "nix-claude-code": "nix-claude-code",
        "nix-claude-code-launcher-src": "nix-claude-code-launcher-src",
        "nix-codex": "nix-codex",
        "nix-codex-launcher-src": "nix-codex-launcher-src",
        "nixpkgs": "nixpkgs_2",
        "nixpkgs-unstable": "nixpkgs-unstable",
        "ponytail": "ponytail",
        "token-meter-src": "token-meter-src",
        "vct-cribl-cli": "vct-cribl-cli",
        "vct-splunk-cli": "vct-splunk-cli"
      },
      "locked": {
        "lastModified": 1791501676,
        "narHash": "sha256-TcWwMooa8xdlVRjn3SXu3UFFnj/JuMVvygS8py3qT5Y=",
        "owner": "dryvist",
        "repo": "nix-ai",
        "rev": "1215aff3bc11054cb695b3d9e4011393518a4338",
        "type": "github"
      },
      "original": {
        "owner": "dryvist",
        "ref": "main",
        "repo": "nix-ai",
        "type": "github"
      }
    },
    "nix-claude-code": {
      "inputs": {
        "ai-assistant-instructions": [
          "nix-ai",
          "ai-assistant-instructions"
        ],
        "anthropic-agent-skills": "anthropic-agent-skills",
        "axton-obsidian-visual-skills": "axton-obsidian-visual-skills",
        "bills-claude-skills": "bills-claude-skills",
        "bitwarden-marketplace": "bitwarden-marketplace",
        "browser-use-skills": [
          "nix-ai",
          "browser-use-skills"
        ],
        "cc-dev-tools": "cc-dev-tools",
        "cc-marketplace": "cc-marketplace",
        "claude-code-plugins": [
          "nix-ai",
          "claude-code-plugins"
        ],
        "claude-code-plugins-plus": "claude-code-plugins-plus",
        "claude-code-workflows": "claude-code-workflows",
        "claude-cookbooks": "claude-cookbooks",
        "claude-plugins-official": "claude-plugins-official",
        "claude-skills": "claude-skills",
        "claude-swap": "claude-swap",
        "dryvist-github": "dryvist-github_2",
        "fabric-src": [
          "nix-ai",
          "fabric-src"
        ],
        "flake-parts": "flake-parts_3",
        "home-manager": [
          "nix-ai",
          "home-manager"
        ],
        "huggingface-skills": "huggingface-skills",
        "jacobpevans-cc-plugins": [
          "nix-ai",
          "jacobpevans-cc-plugins"
        ],
        "karpathy-skills": "karpathy-skills_2",
        "lunar-claude": "lunar-claude",
        "nixpkgs": [
          "nix-ai",
          "nixpkgs"
        ],
        "obsidian-skills": "obsidian-skills",
        "openai-codex": "openai-codex",
        "superpowers-marketplace": "superpowers-marketplace",
        "vct-cribl-pack-validator-skills": "vct-cribl-pack-validator-skills",
        "visual-explainer-marketplace": "visual-explainer-marketplace"
      },
      "locked": {
        "lastModified": 1791488848,
        "narHash": "sha256-97YlHAj6xSJPBgZ6eEHmRtJ0Ef2pWDGSp5B4dkRAXDk=",
        "owner": "dryvist",
        "repo": "nix-claude-code",
        "rev": "1c96f68cf06fb0a8ecdc8bf2fd347d13918b9957",
        "type": "github"
      },
      "original": {
        "owner": "dryvist",
        "ref": "main",
        "repo": "nix-claude-code",
        "type": "github"
      }
    },
    "nix-claude-code-launcher-src": {
      "flake": false,
      "locked": {
        "lastModified": 1791494931,
        "narHash": "sha256-4h+5UZY2sifdelTrBaKR5Ru93z18TqlOj6uL7VOv7ys=",
        "owner": "dryvist",
        "repo": "nix-claude-code",
        "rev": "1ced302b015e5af7a944be996c92ec9b6b68271f",
        "type": "github"
      },
      "original": {
        "owner": "dryvist",
        "ref": "develop",
        "repo": "nix-claude-code",
        "type": "github"
      }
    },
    "nix-codex": {
      "inputs": {
        "nixpkgs": [
          "nix-ai",
          "nixpkgs"
        ]
      },
      "locked": {
        "lastModified": 1791485888,
        "narHash": "sha256-3mbs+nXwCHnE8BgXIWZpyz/BrbrQWOCklGio7m6j4w4=",
        "owner": "dryvist",
        "repo": "nix-codex",
        "rev": "51b5363b8ec8b8de8607f80c3bd6096c02a2260f",
        "type": "github"
      },
      "original": {
        "owner": "dryvist",
        "ref": "main",
        "repo": "nix-codex",
        "type": "github"
      }
    },
    "nix-codex-launcher-src": {
      "flake": false,
      "locked": {
        "lastModified": 1791486191,
        "narHash": "sha256-3mbs+nXwCHnE8BgXIWZpyz/BrbrQWOCklGio7m6j4w4=",
        "owner": "dryvist",
        "repo": "nix-codex",
        "rev": "8bcb3e386e99ebac693ec3a8ccde2b75a958bfca",
        "type": "github"
      },
      "original": {
        "owner": "dryvist",
        "ref": "develop",
        "repo": "nix-codex",
        "type": "github"
      }
    },
    "nixpkgs": {
      "locked": {
        "lastModified": 1790600678,
        "narHash": "sha256-6k3n7X2UsZ6tAlWTz99RimiZab+17tMUrw9sRUcELiA=",
        "owner": "NixOS",
        "repo": "nixpkgs",
        "rev": "f45c6f04c2f013f004bf94e284e95d72898d9393",
        "type": "github"
      },
      "original": {
        "owner": "NixOS",
        "ref": "nixpkgs-unstable",
        "repo": "nixpkgs",
        "type": "github"
      }
    },
    "nixpkgs-unstable": {
      "locked": {
        "lastModified": 1790769526,
        "narHash": "sha256-5AIVFLRcx8YAwbFTVPTs7YhwJH7JyHfAQsvXmpovcXI=",
        "owner": "NixOS",
        "repo": "nixpkgs",
        "rev": "c9fe7d12cd78d1adcd12dd15e24432dde5b155a0",
        "type": "github"
      },
      "original": {
        "owner": "NixOS",
        "ref": "nixpkgs-unstable",
        "repo": "nixpkgs",
        "type": "github"
      }
    },
    "nixpkgs_2": {
      "locked": {
        "lastModified": 1790772421,
        "narHash": "sha256-754eQtr0m8xKtNnKYhX7ukI7XaA7oeiQpui1LiEuhyU=",
        "owner": "NixOS",
        "repo": "nixpkgs",
        "rev": "e49322d1ec25b45f7c587c5fd69ac826d1a57dbc",
        "type": "github"
      },
      "original": {
        "owner": "NixOS",
        "ref": "nixpkgs-26.05-darwin",
        "repo": "nixpkgs",
        "type": "github"
      }
    },
    "nixpkgs_3": {
      "locked": {
        "lastModified": 1791456040,
        "narHash": "sha256-H83yz/do+hjOO0uujHyH8RgtIQP2v7Mw+cLwcZK/xKc=",
        "owner": "NixOS",
        "repo": "nixpkgs",
        "rev": "e7439b6b14ad3cc35d05608ebca9bce01a25f5f8",
        "type": "github"
      },
      "original": {
        "owner": "NixOS",
        "ref": "nixos-unstable",
        "repo": "nixpkgs",
        "type": "github"
      }
    },
    "obsidian-skills": {
      "flake": false,
      "locked": {
        "lastModified": 1789483437,
        "narHash": "sha256-kyH07EVmwIEC/q6i91Kz8mPE78j9ITga2NZUpU1+nHU=",
        "owner": "kepano",
        "repo": "obsidian-skills",
        "rev": "3ccff5338ea700537839b21900aa5358a0402c98",
        "type": "github"
      },
      "original": {
        "owner": "kepano",
        "repo": "obsidian-skills",
        "type": "github"
      }
    },
    "openai-codex": {
      "flake": false,
      "locked": {
        "lastModified": 1783469820,
        "narHash": "sha256-S/R4kHTcIHBcG0TRX063C7ILXZZm0oMqunchPGg6ToU=",
        "owner": "openai",
        "repo": "codex-plugin-cc",
        "rev": "db52e28f4d9ded852ab3942cea316258ae4ef346",
        "type": "github"
      },
      "original": {
        "owner": "openai",
        "repo": "codex-plugin-cc",
        "type": "github"
      }
    },
    "ponytail": {
      "flake": false,
      "locked": {
        "lastModified": 1791004375,
        "narHash": "sha256-vDDBC6DmV4CIZNnLi5SbqiLqhpcveXXxguLpci2iayo=",
        "owner": "DietrichGebert",
        "repo": "ponytail",
        "rev": "c982cd411abb53323c4baa1baa3c2f020b8d0b08",
        "type": "github"
      },
      "original": {
        "owner": "DietrichGebert",
        "repo": "ponytail",
        "type": "github"
      }
    },
    "root": {
      "inputs": {
        "dryvist-github": "dryvist-github",
        "flake-parts": "flake-parts",
        "nix-ai": "nix-ai",
        "nixpkgs": "nixpkgs_3",
        "sops-nix": "sops-nix"
      }
    },
    "sops-nix": {
      "inputs": {
        "nixpkgs": [
          "nixpkgs"
        ]
      },
      "locked": {
        "lastModified": 1791103873,
        "narHash": "sha256-nFxM+pKoZ8LJAEnUXARyCaOAloWgaW9kZQOSjWzKcTE=",
        "owner": "Mic92",
        "repo": "sops-nix",
        "rev": "dcd241ba97088c22569d1573286e1b9daad340c0",
        "type": "github"
      },
      "original": {
        "owner": "Mic92",
        "repo": "sops-nix",
        "type": "github"
      }
    },
    "superpowers-marketplace": {
      "flake": false,
      "locked": {
        "lastModified": 1788899471,
        "narHash": "sha256-DrIvLmmqZkrwaD/L0QPgGA2GC1OK/6Xo5P9h0lLwff4=",
        "owner": "obra",
        "repo": "superpowers-marketplace",
        "rev": "ff9fa8a51f422d81414fa355587620d4ad2df81c",
        "type": "github"
      },
      "original": {
        "owner": "obra",
        "repo": "superpowers-marketplace",
        "type": "github"
      }
    },
    "systems": {
      "locked": {
        "lastModified": 1681028828,
        "narHash": "sha256-Vy1rq5AaRuLzOxct8nz4T6wlgyUR7zLU309k9mBC768=",
        "owner": "nix-systems",
        "repo": "default",
        "rev": "da67096a3b9bf56a91d16901293e51ba5b49a27e",
        "type": "github"
      },
      "original": {
        "owner": "nix-systems",
        "repo": "default",
        "type": "github"
      }
    },
    "token-meter-src": {
      "flake": false,
      "locked": {
        "lastModified": 1790526605,
        "narHash": "sha256-CH1bkDJlJLgOsUtFqBwASJQbC0Bgp/CF4WFlu8C8/mI=",
        "owner": "dryvist",
        "repo": "token-meter",
        "rev": "a3793ec2ebca35e357ae1827d948d9eb2d21549f",
        "type": "github"
      },
      "original": {
        "owner": "dryvist",
        "ref": "fix/claude-discovery-and-oauth",
        "repo": "token-meter",
        "type": "github"
      }
    },
    "treefmt-nix": {
      "inputs": {
        "nixpkgs": [
          "dryvist-github",
          "nixpkgs"
        ]
      },
      "locked": {
        "lastModified": 1780220602,
        "narHash": "sha256-eynAfOmbmxJnkp7YewvCEbShNnnYJ9gLLqkzsYtBPeM=",
        "owner": "numtide",
        "repo": "treefmt-nix",
        "rev": "db947814a175b7ca6ded66e21383d938df01c227",
        "type": "github"
      },
      "original": {
        "owner": "numtide",
        "repo": "treefmt-nix",
        "type": "github"
      }
    },
    "treefmt-nix_2": {
      "inputs": {
        "nixpkgs": [
          "nix-ai",
          "llm-agents",
          "nixpkgs"
        ]
      },
      "locked": {
        "lastModified": 1786901030,
        "narHash": "sha256-WSFCsDSE5ffgD2MqzkM2CYjeFiKhRF/dJUN8uedb6YE=",
        "owner": "numtide",
        "repo": "treefmt-nix",
        "rev": "27b3b12a8e6375f28ebe122f07d230ca5459bbfa",
        "type": "github"
      },
      "original": {
        "owner": "numtide",
        "repo": "treefmt-nix",
        "type": "github"
      }
    },
    "treefmt-nix_3": {
      "inputs": {
        "nixpkgs": [
          "nix-ai",
          "nix-claude-code",
          "dryvist-github",
          "nixpkgs"
        ]
      },
      "locked": {
        "lastModified": 1780220602,
        "narHash": "sha256-eynAfOmbmxJnkp7YewvCEbShNnnYJ9gLLqkzsYtBPeM=",
        "owner": "numtide",
        "repo": "treefmt-nix",
        "rev": "db947814a175b7ca6ded66e21383d938df01c227",
        "type": "github"
      },
      "original": {
        "owner": "numtide",
        "repo": "treefmt-nix",
        "type": "github"
      }
    },
    "vct-cribl-cli": {
      "flake": false,
      "locked": {
        "lastModified": 1789417551,
        "narHash": "sha256-6x6c7rOUTBYF7U4QaYFNSYj2h960kY8czBeimZJL4WA=",
        "owner": "VisiCore",
        "repo": "vct-cribl-cli",
        "rev": "b7bc6b7a3809448f6c5b36afa459e2b294f29072",
        "type": "github"
      },
      "original": {
        "owner": "VisiCore",
        "ref": "main",
        "repo": "vct-cribl-cli",
        "type": "github"
      }
    },
    "vct-cribl-pack-validator-skills": {
      "flake": false,
      "locked": {
        "lastModified": 1774484708,
        "narHash": "sha256-cQEbj7K2HcFlL7vUVFYKsjlgZbzQqbVcAtw2QX7H4WQ=",
        "owner": "VisiCore",
        "repo": "vct-cribl-pack-validator",
        "rev": "eaf3b3f17f77faf6825c587dfdd552f8a9837926",
        "type": "github"
      },
      "original": {
        "owner": "VisiCore",
        "repo": "vct-cribl-pack-validator",
        "type": "github"
      }
    },
    "vct-splunk-cli": {
      "flake": false,
      "locked": {
        "lastModified": 1790350519,
        "narHash": "sha256-U3WdRRwIqrnYIKbbkKROGX+uV5j50IXB5ts2LBsXdAw=",
        "owner": "VisiCore",
        "repo": "vct-splunk-cli",
        "rev": "572ae46a42e5ece18b4ab34f2f687ea5629fb9c8",
        "type": "github"
      },
      "original": {
        "owner": "VisiCore",
        "ref": "main",
        "repo": "vct-splunk-cli",
        "type": "github"
      }
    },
    "visual-explainer-marketplace": {
      "flake": false,
      "locked": {
        "lastModified": 1791321305,
        "narHash": "sha256-SZHF5LqA7Cu9Vp+DibKn00UwA0FtB76Ij8PuV3/mbIY=",
        "owner": "nicobailon",
        "repo": "visual-explainer",
        "rev": "0cc6f15452c455a05fb7fceb036d0da31387c69c",
        "type": "github"
      },
      "original": {
        "owner": "nicobailon",
        "repo": "visual-explainer",
        "type": "github"
      }
    }
  },
  "root": "root",
  "version": 7
}
